
Microsoft Visual Studio Solution File, Format Version 12.00
# Visual Studio Version 17
VisualStudioVersion = 17.4.33103.184
MinimumVisualStudioVersion = 10.0.40219.1
Project("{FAE04EC0-301F-11D3-BF4B-00C04F79EFBC}") = "webapi.event+.manha", "webapi.event+.manha.csproj", "{824AD16A-BEC5-455D-8E10-3DA0BE9FC041}"
EndProject
Global
	GlobalSection(SolutionConfigurationPlatforms) = preSolution
		Debug|Any CPU = Debug|Any CPU
		Release|Any CPU = Release|Any CPU
	EndGlobalSection
	GlobalSection(ProjectConfigurationPlatforms) = postSolution
		{824AD16A-BEC5-455D-8E10-3DA0BE9FC041}.Debug|Any CPU.ActiveCfg = Debug|Any CPU
		{824AD16A-BEC5-455D-8E10-3DA0BE9FC041}.Debug|Any CPU.Build.0 = Debug|Any CPU
		{824AD16A-BEC5-455D-8E10-3DA0BE9FC041}.Release|Any CPU.ActiveCfg = Release|Any CPU
		{824AD16A-BEC5-455D-8E10-3DA0BE9FC041}.Release|Any CPU.Build.0 = Release|Any CPU
	EndGlobalSection
	GlobalSection(SolutionProperties) = preSolution
		HideSolutionNode = FALSE
	EndGlobalSection
	GlobalSection(ExtensibilityGlobals) = postSolution
		SolutionGuid = {68F00A12-0335-4D68-8F05-8402DEEF44F2}
	EndGlobalSection
EndGlobal
